<?xml version="1.0" encoding="utf-8"?>
<Project ToolsVersion="4.0" xmlns="http://schemas.microsoft.com/developer/msbuild/2003">
  <ItemGroup>
    <Filter Include="Source Files">
      <UniqueIdentifier>{4FC737F1-C7A5-4376-A066-2A32D752A2FF}</UniqueIdentifier>
      <Extensions>cpp;c;cc;cxx;def;odl;idl;hpj;bat;asm;asmx</Extensions>
    </Filter>
    <Filter Include="Header Files">
      <UniqueIdentifier>{93995380-89BD-4b04-88EB-625FBE52EBFB}</UniqueIdentifier>
      <Extensions>h;hh;hpp;hxx;hm;inl;inc;xsd</Extensions>
    </Filter>
    <Filter Include="Resource Files">
      <UniqueIdentifier>{67DA6AB6-F800-4c08-8B7A-83BB121AAD01}</UniqueIdentifier>
      <Extensions>rc;ico;cur;bmp;dlg;rc2;rct;bin;rgs;gif;jpg;jpeg;jpe;resx;tiff;tif;png;wav</Extensions>
    </Filter>
    <Filter Include="_pch">
      <UniqueIdentifier>{d908d6e3-dc21-4768-9872-f958f7f240b9}</UniqueIdentifier>
    </Filter>
    <Filter Include="Header Files\Synchronously">
      <UniqueIdentifier>{63dd9275-c9ec-4403-85f2-5984198d339a}</UniqueIdentifier>
    </Filter>
    <Filter Include="Header Files\Credentials">
      <UniqueIdentifier>{61cbdfff-d587-4f0e-9ff2-0c86e4bedbd8}</UniqueIdentifier>
    </Filter>
    <Filter Include="Header Files\Anchronously">
      <UniqueIdentifier>{7592e56d-45df-4570-861b-a3ebe56531ee}</UniqueIdentifier>
    </Filter>
    <Filter Include="Header Files\Deferred">
      <UniqueIdentifier>{17a666c9-2957-4547-b1f8-0733648648e6}</UniqueIdentifier>
    </Filter>
    <Filter Include="Source Files\gRpc">
      <UniqueIdentifier>{5948e6ca-4bf1-4b54-9601-73dcf9397fff}</UniqueIdentifier>
    </Filter>
    <Filter Include="Header Files\gRpc">
      <UniqueIdentifier>{e13c2541-afe6-4b3d-b9fb-77fe4902bb3d}</UniqueIdentifier>
    </Filter>
    <Filter Include="Header Files\gRpc\Packet">
      <UniqueIdentifier>{f4fa30a8-e2f6-41aa-9f21-08d79e3939ac}</UniqueIdentifier>
    </Filter>
    <Filter Include="Header Files\gRpc\Channel">
      <UniqueIdentifier>{45abbcec-730e-42a7-8b80-879cbdc4332b}</UniqueIdentifier>
    </Filter>
    <Filter Include="Header Files\Async">
      <UniqueIdentifier>{557e2ccc-ead3-449d-94b5-74999ea4c33a}</UniqueIdentifier>
    </Filter>
    <Filter Include="Header Files\Async\Thread">
      <UniqueIdentifier>{92c86e98-6244-4f26-8f32-836e865c3832}</UniqueIdentifier>
    </Filter>
    <Filter Include="Header Files\Async\Transport">
      <UniqueIdentifier>{7cf523b8-b6c0-4146-9046-50a7da81fd5b}</UniqueIdentifier>
    </Filter>
    <Filter Include="Header Files\Async\Selector">
      <UniqueIdentifier>{49f2de90-5e7c-4ce6-94fe-51affecaa356}</UniqueIdentifier>
    </Filter>
    <Filter Include="Header Files\Async\_Bench">
      <UniqueIdentifier>{1ebd2991-03a3-43c0-8301-9ed5532d048f}</UniqueIdentifier>
    </Filter>
    <Filter Include="Header Files\Async\_Bench\Thread">
      <UniqueIdentifier>{8621be8e-e89a-4408-83b8-f2dce93a03c3}</UniqueIdentifier>
    </Filter>
    <Filter Include="Header Files\Async\_Bench\_BoostConfig">
      <UniqueIdentifier>{ca95abdc-96fb-43b9-9f8d-2f9b9057d154}</UniqueIdentifier>
    </Filter>
  </ItemGroup>
  <ItemGroup>
    <ClCompile Include="stdafx.cpp">
      <Filter>_pch</Filter>
    </ClCompile>
    <ClCompile Include="..\HelloEOS.cpp">
      <Filter>Source Files</Filter>
    </ClCompile>
    <ClCompile Include="..\..\..\_L\net\gRpcSource\grpc-1.58.2\test\cpp\util\proto_reflection_descriptor_database.cc">
      <Filter>Source Files\gRpc</Filter>
    </ClCompile>
    <ClCompile Include="..\src\gRpc\proto\helloworld.pb.cc">
      <Filter>Source Files\gRpc</Filter>
    </ClCompile>
    <ClCompile Include="..\src\gRpc\proto\helloworld.grpc.pb.cc">
      <Filter>Source Files\gRpc</Filter>
    </ClCompile>
  </ItemGroup>
  <ItemGroup>
    <ClInclude Include="stdafx.h">
      <Filter>_pch</Filter>
    </ClInclude>
    <ClInclude Include="..\src\MainDeferred.h">
      <Filter>Header Files</Filter>
    </ClInclude>
    <ClInclude Include="..\src\Version.h">
      <Filter>Header Files</Filter>
    </ClInclude>
    <ClInclude Include="..\resource\resource.h">
      <Filter>Resource Files</Filter>
    </ClInclude>
    <ClInclude Include="..\src\HumanReadable.h">
      <Filter>Header Files</Filter>
    </ClInclude>
    <ClInclude Include="..\src\InitializeEOS.h">
      <Filter>Header Files</Filter>
    </ClInclude>
    <ClInclude Include="..\src\Log.h">
      <Filter>Header Files</Filter>
    </ClInclude>
    <ClInclude Include="..\src\Synchronously\AccountMapping.h">
      <Filter>Header Files\Synchronously</Filter>
    </ClInclude>
    <ClInclude Include="..\src\Synchronously\Auth.h">
      <Filter>Header Files\Synchronously</Filter>
    </ClInclude>
    <ClInclude Include="..\src\Synchronously\Friend.h">
      <Filter>Header Files\Synchronously</Filter>
    </ClInclude>
    <ClInclude Include="..\src\Synchronously\Presence.h">
      <Filter>Header Files\Synchronously</Filter>
    </ClInclude>
    <ClInclude Include="..\src\Synchronously\Send\Chat.h">
      <Filter>Header Files\Synchronously</Filter>
    </ClInclude>
    <ClInclude Include="..\src\Synchronously\Receive\Chat.h">
      <Filter>Header Files\Synchronously</Filter>
    </ClInclude>
    <ClInclude Include="..\src\Synchronously\Receive\BaseReceive.h">
      <Filter>Header Files\Synchronously</Filter>
    </ClInclude>
    <ClInclude Include="..\src\Synchronously\Receive\Bandwidth.h">
      <Filter>Header Files\Synchronously</Filter>
    </ClInclude>
    <ClInclude Include="..\src\Synchronously\Send\Bandwidth.h">
      <Filter>Header Files\Synchronously</Filter>
    </ClInclude>
    <ClInclude Include="..\src\Synchronously\Send\BaseSend.h">
      <Filter>Header Files\Synchronously</Filter>
    </ClInclude>
    <ClInclude Include="..\src\Synchronously\Send\PingPong.h">
      <Filter>Header Files\Synchronously</Filter>
    </ClInclude>
    <ClInclude Include="..\src\Synchronously\Receive\PingPong.h">
      <Filter>Header Files\Synchronously</Filter>
    </ClInclude>
    <ClInclude Include="..\src\Credentials\Hardcode.h">
      <Filter>Header Files\Credentials</Filter>
    </ClInclude>
    <ClInclude Include="..\src\Anchronously\Ping.h">
      <Filter>Header Files\Anchronously</Filter>
    </ClInclude>
    <ClInclude Include="..\src\Anchronously\Receive\Chat.h">
      <Filter>Header Files\Anchronously</Filter>
    </ClInclude>
    <ClInclude Include="..\src\Anchronously\Send\Chat.h">
      <Filter>Header Files\Anchronously</Filter>
    </ClInclude>
    <ClInclude Include="..\src\Anchronously\Acme.h">
      <Filter>Header Files\Anchronously</Filter>
    </ClInclude>
    <ClInclude Include="..\src\Deferred\Ctx.h">
      <Filter>Header Files\Deferred</Filter>
    </ClInclude>
    <ClInclude Include="..\src\Deferred\QueueCommands.h">
      <Filter>Header Files\Deferred</Filter>
    </ClInclude>
    <ClInclude Include="..\src\Deferred\Action.h">
      <Filter>Header Files\Deferred</Filter>
    </ClInclude>
    <ClInclude Include="..\src\Deferred\Sending.h">
      <Filter>Header Files\Deferred</Filter>
    </ClInclude>
    <ClInclude Include="..\src\Deferred\Sender\SendText.h">
      <Filter>Header Files\Deferred</Filter>
    </ClInclude>
    <ClInclude Include="..\src\MainAnchronously.h">
      <Filter>Header Files</Filter>
    </ClInclude>
    <ClInclude Include="..\src\MainSynchronously.h">
      <Filter>Header Files</Filter>
    </ClInclude>
    <ClInclude Include="..\src\Deferred\ConnectionRequestListener\AcceptEveryone.h">
      <Filter>Header Files\Deferred</Filter>
    </ClInclude>
    <ClInclude Include="..\src\Deferred\Receiver\RecvText.h">
      <Filter>Header Files\Deferred</Filter>
    </ClInclude>
    <ClInclude Include="..\src\Networking.h">
      <Filter>Header Files</Filter>
    </ClInclude>
    <ClInclude Include="..\src\Deferred\PingPonger.h">
      <Filter>Header Files\Deferred</Filter>
    </ClInclude>
    <ClInclude Include="..\src\Main_gRpc.h">
      <Filter>Header Files</Filter>
    </ClInclude>
    <ClInclude Include="..\src\gRpc\OverUdp.h">
      <Filter>Header Files\gRpc</Filter>
    </ClInclude>
    <ClInclude Include="..\src\gRpc\Packet\Send.h">
      <Filter>Header Files\gRpc\Packet</Filter>
    </ClInclude>
    <ClInclude Include="..\src\gRpc\Packet\BaseHeader.h">
      <Filter>Header Files\gRpc\Packet</Filter>
    </ClInclude>
    <ClInclude Include="..\src\gRpc\Packet\Input.h">
      <Filter>Header Files\gRpc\Packet</Filter>
    </ClInclude>
    <ClInclude Include="..\src\gRpc\Packet\Output.h">
      <Filter>Header Files\gRpc\Packet</Filter>
    </ClInclude>
    <ClInclude Include="..\src\gRpc\Packet\Recv.h">
      <Filter>Header Files\gRpc\Packet</Filter>
    </ClInclude>
    <ClInclude Include="..\src\gRpc\Channel\TypeIndepInterceptor.h">
      <Filter>Header Files\gRpc\Channel</Filter>
    </ClInclude>
    <ClInclude Include="..\src\gRpc\Channel\Factory.h">
      <Filter>Header Files\gRpc\Channel</Filter>
    </ClInclude>
    <ClInclude Include="..\src\Deferred\Receiving.h">
      <Filter>Header Files\Deferred</Filter>
    </ClInclude>
    <ClInclude Include="..\src\Deferred\ConnectionRequestListener\AcceptEveryoneConnectionAware.h">
      <Filter>Header Files\Deferred</Filter>
    </ClInclude>
    <ClInclude Include="..\src\Synchronously\PresenceQueryable.h">
      <Filter>Header Files\Synchronously</Filter>
    </ClInclude>
    <ClInclude Include="..\src\MainAsynchronously.h">
      <Filter>Header Files</Filter>
    </ClInclude>
    <ClInclude Include="..\src\Async\Thread\GameThread.h">
      <Filter>Header Files\Async\Thread</Filter>
    </ClInclude>
    <ClInclude Include="..\src\Async\PrepareEos.h">
      <Filter>Header Files\Async</Filter>
    </ClInclude>
    <ClInclude Include="..\src\Async\Thread\Factory.h">
      <Filter>Header Files\Async\Thread</Filter>
    </ClInclude>
    <ClInclude Include="..\src\Async\Thread\JThread.h">
      <Filter>Header Files\Async\Thread</Filter>
    </ClInclude>
    <ClInclude Include="..\src\Async\GradualExecutor.h">
      <Filter>Header Files\Async</Filter>
    </ClInclude>
    <ClInclude Include="..\src\Async\TickerCore.h">
      <Filter>Header Files\Async</Filter>
    </ClInclude>
    <ClInclude Include="..\src\Async\Transport\Sender.h">
      <Filter>Header Files\Async\Transport</Filter>
    </ClInclude>
    <ClInclude Include="..\src\Async\Transport\Recv.h">
      <Filter>Header Files\Async\Transport</Filter>
    </ClInclude>
    <ClInclude Include="..\src\Async\Acceptor.h">
      <Filter>Header Files\Async</Filter>
    </ClInclude>
    <ClInclude Include="..\src\Async\EosContext.h">
      <Filter>Header Files\Async</Filter>
    </ClInclude>
    <ClInclude Include="..\src\Async\Selector\IMultiplex.h">
      <Filter>Header Files\Async\Selector</Filter>
    </ClInclude>
    <ClInclude Include="..\src\Async\Selector\Multiplexer.h">
      <Filter>Header Files\Async\Selector</Filter>
    </ClInclude>
    <ClInclude Include="..\src\Credentials\Private.h">
      <Filter>Header Files\Credentials</Filter>
    </ClInclude>
    <ClInclude Include="..\src\Async\_Bench\Transport.h">
      <Filter>Header Files\Async\_Bench</Filter>
    </ClInclude>
    <ClInclude Include="..\src\Async\_Bench\Thread\Factory.h">
      <Filter>Header Files\Async\_Bench\Thread</Filter>
    </ClInclude>
    <ClInclude Include="..\..\..\_L\boost\config\user.hpp">
      <Filter>Header Files\Async\_Bench\_BoostConfig</Filter>
    </ClInclude>
  </ItemGroup>
  <ItemGroup>
    <ResourceCompile Include="..\resource\HelloEOS.rc">
      <Filter>Resource Files</Filter>
    </ResourceCompile>
  </ItemGroup>
  <ItemGroup>
    <None Include="cpp.hint" />
  </ItemGroup>
  <ItemGroup>
    <CopyFileToFolders Include="..\..\..\_L\3d\EOS_SDK\SDK\Bin\EOSSDK-Win32-Shipping.dll">
      <Filter>Resource Files</Filter>
    </CopyFileToFolders>
    <CopyFileToFolders Include="..\..\..\_L\3d\EOS_SDK\SDK\Bin\EOSSDK-Win64-Shipping.dll">
      <Filter>Resource Files</Filter>
    </CopyFileToFolders>
  </ItemGroup>
</Project>